
Microsoft Visual Studio Solution File, Format Version 12.00
# Visual Studio Version 17
VisualStudioVersion = 17.4.33103.184
MinimumVisualStudioVersion = 10.0.40219.1
Project("{FAE04EC0-301F-11D3-BF4B-00C04F79EFBC}") = "laba13", "laba13.csproj", "{53D5B726-CD68-4C1A-B0D4-B8B6722AF9D1}"
EndProject
Global
	GlobalSection(SolutionConfigurationPlatforms) = preSolution
		Debug|Any CPU = Debug|Any CPU
		Release|Any CPU = Release|Any CPU
	EndGlobalSection
	GlobalSection(ProjectConfigurationPlatforms) = postSolution
		{53D5B726-CD68-4C1A-B0D4-B8B6722AF9D1}.Debug|Any CPU.ActiveCfg = Debug|Any CPU
		{53D5B726-CD68-4C1A-B0D4-B8B6722AF9D1}.Debug|Any CPU.Build.0 = Debug|Any CPU
		{53D5B726-CD68-4C1A-B0D4-B8B6722AF9D1}.Release|Any CPU.ActiveCfg = Release|Any CPU
		{53D5B726-CD68-4C1A-B0D4-B8B6722AF9D1}.Release|Any CPU.Build.0 = Release|Any CPU
	EndGlobalSection
	GlobalSection(SolutionProperties) = preSolution
		HideSolutionNode = FALSE
	EndGlobalSection
	GlobalSection(ExtensibilityGlobals) = postSolution
		SolutionGuid = {0CA9E313-9E02-4B82-9E51-9B5C64C4AAAD}
	EndGlobalSection
EndGlobal
